
Microsoft Visual Studio Solution File, Format Version 12.00
# Visual Studio Version 17
VisualStudioVersion = 17.8.34330.188
MinimumVisualStudioVersion = 10.0.40219.1
Project("{9A19103F-16F7-4668-BE54-9A1E7A4F7556}") = "QradarLogSystem.Api", "QradarLogSystem.Api\QradarLogSystem.Api.csproj", "{A7889F27-0619-4E58-B039-0A77C5458021}"
EndProject
Global
	GlobalSection(SolutionConfigurationPlatforms) = preSolution
		Debug|Any CPU = Debug|Any CPU
		Release|Any CPU = Release|Any CPU
	EndGlobalSection
	GlobalSection(ProjectConfigurationPlatforms) = postSolution
		{A7889F27-0619-4E58-B039-0A77C5458021}.Debug|Any CPU.ActiveCfg = Debug|Any CPU
		{A7889F27-0619-4E58-B039-0A77C5458021}.Debug|Any CPU.Build.0 = Debug|Any CPU
		{A7889F27-0619-4E58-B039-0A77C5458021}.Release|Any CPU.ActiveCfg = Release|Any CPU
		{A7889F27-0619-4E58-B039-0A77C5458021}.Release|Any CPU.Build.0 = Release|Any CPU
	EndGlobalSection
	GlobalSection(SolutionProperties) = preSolution
		HideSolutionNode = FALSE
	EndGlobalSection
	GlobalSection(ExtensibilityGlobals) = postSolution
		SolutionGuid = {DA168215-E0EF-44CE-BB50-C3952EF90FEE}
	EndGlobalSection
EndGlobal
